// !$*UTF8*$!
{
	archiveVersion = 1;
	classes = {
	};
	objectVersion = 51;
	objects = {

/* Begin PBXBuildFile section */
		87ACB5ED5785E5C5E75335D1 /* Pods_Search_List.framework in Frameworks */ = {isa = PBXBuildFile; fileRef = 276629415815B70C79B9C814 /* Pods_Search_List.framework */; };
		8E57CFB22355D05F0000ED60 /* SearchResultsGetter.swift in Sources */ = {isa = PBXBuildFile; fileRef = 8E57CFB12355D05F0000ED60 /* SearchResultsGetter.swift */; };
		8E5AC6DE221AA3C50057AECD /* AppDelegate.swift in Sources */ = {isa = PBXBuildFile; fileRef = 8E5AC6DD221AA3C50057AECD /* AppDelegate.swift */; };
		8E5AC6E0221AA3C50057AECD /* ViewController.swift in Sources */ = {isa = PBXBuildFile; fileRef = 8E5AC6DF221AA3C50057AECD /* ViewController.swift */; };
		8E5AC6E3221AA3C50057AECD /* Main.storyboard in Resources */ = {isa = PBXBuildFile; fileRef = 8E5AC6E1221AA3C50057AECD /* Main.storyboard */; };
		8E5AC6E5221AA3C90057AECD /* Assets.xcassets in Resources */ = {isa = PBXBuildFile; fileRef = 8E5AC6E4221AA3C90057AECD /* Assets.xcassets */; };
		8E5AC6E8221AA3C90057AECD /* LaunchScreen.storyboard in Resources */ = {isa = PBXBuildFile; fileRef = 8E5AC6E6221AA3C90057AECD /* LaunchScreen.storyboard */; };
		8E5AC6F0221AADE30057AECD /* SearchResultTableViewCell.swift in Sources */ = {isa = PBXBuildFile; fileRef = 8E5AC6EF221AADE30057AECD /* SearchResultTableViewCell.swift */; };
		8E82CE5C2355A20D003D9F0F /* Default-568h@2x.png in Resources */ = {isa = PBXBuildFile; fileRef = 8E82CE5B2355A20D003D9F0F /* Default-568h@2x.png */; };
		8E8ECFC3221C00BF00C5AFB2 /* SearchResult.swift in Sources */ = {isa = PBXBuildFile; fileRef = 8E8ECFC2221C00BF00C5AFB2 /* SearchResult.swift */; };
/* End PBXBuildFile section */

/* Begin PBXFileReference section */
		276629415815B70C79B9C814 /* Pods_Search_List.framework */ = {isa = PBXFileReference; explicitFileType = wrapper.framework; includeInIndex = 0; path = Pods_Search_List.framework; sourceTree = BUILT_PRODUCTS_DIR; };
		5A0EABBAAB999A65876151B3 /* Pods-Search List.release.xcconfig */ = {isa = PBXFileReference; includeInIndex = 1; lastKnownFileType = text.xcconfig; name = "Pods-Search List.release.xcconfig"; path = "Target Support Files/Pods-Search List/Pods-Search List.release.xcconfig"; sourceTree = "<group>"; };
		7978531F40298E3A9FF9AC3A /* Pods-Search List.debug.xcconfig */ = {isa = PBXFileReference; includeInIndex = 1; lastKnownFileType = text.xcconfig; name = "Pods-Search List.debug.xcconfig"; path = "Target Support Files/Pods-Search List/Pods-Search List.debug.xcconfig"; sourceTree = "<group>"; };
		8E57CFB12355D05F0000ED60 /* SearchResultsGetter.swift */ = {isa = PBXFileReference; lastKnownFileType = sourcecode.swift; path = SearchResultsGetter.swift; sourceTree = "<group>"; };
		8E5AC6DA221AA3C50057AECD /* Search List.app */ = {isa = PBXFileReference; explicitFileType = wrapper.application; includeInIndex = 0; path = "Search List.app"; sourceTree = BUILT_PRODUCTS_DIR; };
		8E5AC6DD221AA3C50057AECD /* AppDelegate.swift */ = {isa = PBXFileReference; lastKnownFileType = sourcecode.swift; path = AppDelegate.swift; sourceTree = "<group>"; };
		8E5AC6DF221AA3C50057AECD /* ViewController.swift */ = {isa = PBXFileReference; lastKnownFileType = sourcecode.swift; path = ViewController.swift; sourceTree = "<group>"; };
		8E5AC6E2221AA3C50057AECD /* Base */ = {isa = PBXFileReference; lastKnownFileType = file.storyboard; name = Base; path = Base.lproj/Main.storyboard; sourceTree = "<group>"; };
		8E5AC6E4221AA3C90057AECD /* Assets.xcassets */ = {isa = PBXFileReference; lastKnownFileType = folder.assetcatalog; path = Assets.xcassets; sourceTree = "<group>"; };
		8E5AC6E7221AA3C90057AECD /* Base */ = {isa = PBXFileReference; lastKnownFileType = file.storyboard; name = Base; path = Base.lproj/LaunchScreen.storyboard; sourceTree = "<group>"; };
		8E5AC6E9221AA3C90057AECD /* Info.plist */ = {isa = PBXFileReference; lastKnownFileType = text.plist.xml; path = Info.plist; sourceTree = "<group>"; };
		8E5AC6EF221AADE30057AECD /* SearchResultTableViewCell.swift */ = {isa = PBXFileReference; lastKnownFileType = sourcecode.swift; path = SearchResultTableViewCell.swift; sourceTree = "<group>"; };
		8E82CE5B2355A20D003D9F0F /* Default-568h@2x.png */ = {isa = PBXFileReference; lastKnownFileType = image.png; path = "Default-568h@2x.png"; sourceTree = "<group>"; };
		8E8ECFC2221C00BF00C5AFB2 /* SearchResult.swift */ = {isa = PBXFileReference; lastKnownFileType = sourcecode.swift; path = SearchResult.swift; sourceTree = "<group>"; };
/* End PBXFileReference section */

/* Begin PBXFrameworksBuildPhase section */
		8E5AC6D7221AA3C50057AECD /* Frameworks */ = {
			isa = PBXFrameworksBuildPhase;
			buildActionMask = 2147483647;
			files = (
				87ACB5ED5785E5C5E75335D1 /* Pods_Search_List.framework in Frameworks */,
			);
			runOnlyForDeploymentPostprocessing = 0;
		};
/* End PBXFrameworksBuildPhase section */

/* Begin PBXGroup section */
		5F2BCD38FB2DEFE9405C4160 /* Frameworks */ = {
			isa = PBXGroup;
			children = (
				276629415815B70C79B9C814 /* Pods_Search_List.framework */,
			);
			name = Frameworks;
			sourceTree = "<group>";
		};
		8E57CFB32355D0970000ED60 /* Services */ = {
			isa = PBXGroup;
			children = (
				8E57CFB12355D05F0000ED60 /* SearchResultsGetter.swift */,
			);
			path = Services;
			sourceTree = "<group>";
		};
		8E5AC6D1221AA3C50057AECD = {
			isa = PBXGroup;
			children = (
				8E5AC6DC221AA3C50057AECD /* Search List */,
				8E5AC6DB221AA3C50057AECD /* Products */,
				ADE518A6B93A1FF2F53217CB /* Pods */,
				5F2BCD38FB2DEFE9405C4160 /* Frameworks */,
			);
			sourceTree = "<group>";
		};
		8E5AC6DB221AA3C50057AECD /* Products */ = {
			isa = PBXGroup;
			children = (
				8E5AC6DA221AA3C50057AECD /* Search List.app */,
			);
			name = Products;
			sourceTree = "<group>";
		};
		8E5AC6DC221AA3C50057AECD /* Search List */ = {
			isa = PBXGroup;
			children = (
				8E82CE572355A18D003D9F0F /* Model */,
				8E82CE582355A1AF003D9F0F /* View */,
				8E82CE592355A1B8003D9F0F /* Controller */,
				8E57CFB32355D0970000ED60 /* Services */,
				8E82CE5A2355A1C7003D9F0F /* Supporting Files */,
			);
			path = "Search List";
			sourceTree = "<group>";
		};
		8E82CE572355A18D003D9F0F /* Model */ = {
			isa = PBXGroup;
			children = (
				8E8ECFC2221C00BF00C5AFB2 /* SearchResult.swift */,
			);
			path = Model;
			sourceTree = "<group>";
		};
		8E82CE582355A1AF003D9F0F /* View */ = {
			isa = PBXGroup;
			children = (
				8E5AC6EF221AADE30057AECD /* SearchResultTableViewCell.swift */,
				8E5AC6E1221AA3C50057AECD /* Main.storyboard */,
			);
			path = View;
			sourceTree = "<group>";
		};
		8E82CE592355A1B8003D9F0F /* Controller */ = {
			isa = PBXGroup;
			children = (
				8E5AC6DF221AA3C50057AECD /* ViewController.swift */,
			);
			path = Controller;
			sourceTree = "<group>";
		};
		8E82CE5A2355A1C7003D9F0F /* Supporting Files */ = {
			isa = PBXGroup;
			children = (
				8E5AC6E6221AA3C90057AECD /* LaunchScreen.storyboard */,
				8E82CE5B2355A20D003D9F0F /* Default-568h@2x.png */,
				8E5AC6E4221AA3C90057AECD /* Assets.xcassets */,
				8E5AC6DD221AA3C50057AECD /* AppDelegate.swift */,
				8E5AC6E9221AA3C90057AECD /* Info.plist */,
			);
			path = "Supporting Files";
			sourceTree = "<group>";
		};
		ADE518A6B93A1FF2F53217CB /* Pods */ = {
			isa = PBXGroup;
			children = (
				7978531F40298E3A9FF9AC3A /* Pods-Search List.debug.xcconfig */,
				5A0EABBAAB999A65876151B3 /* Pods-Search List.release.xcconfig */,
			);
			path = Pods;
			sourceTree = "<group>";
		};
/* End PBXGroup section */

/* Begin PBXNativeTarget section */
		8E5AC6D9221AA3C50057AECD /* Search List */ = {
			isa = PBXNativeTarget;
			buildConfigurationList = 8E5AC6EC221AA3C90057AECD /* Build configuration list for PBXNativeTarget "Search List" */;
			buildPhases = (
				21E5D7AFEF54F02AB8237252 /* [CP] Check Pods Manifest.lock */,
				8E5AC6D6221AA3C50057AECD /* Sources */,
				8E5AC6D7221AA3C50057AECD /* Frameworks */,
				8E5AC6D8221AA3C50057AECD /* Resources */,
				CBA7B1528302A5CF1F9A1BCC /* [CP] Embed Pods Frameworks */,
			);
			buildRules = (
			);
			dependencies = (
			);
			name = "Search List";
			productName = "Search List";
			productReference = 8E5AC6DA221AA3C50057AECD /* Search List.app */;
			productType = "com.apple.product-type.application";
		};
/* End PBXNativeTarget section */

/* Begin PBXProject section */
		8E5AC6D2221AA3C50057AECD /* Project object */ = {
			isa = PBXProject;
			attributes = {
				LastSwiftUpdateCheck = 1010;
				LastUpgradeCheck = 1010;
				ORGANIZATIONNAME = "Artyom Sadyrin";
				TargetAttributes = {
					8E5AC6D9221AA3C50057AECD = {
						CreatedOnToolsVersion = 10.1;
						LastSwiftMigration = 1110;
					};
				};
			};
			buildConfigurationList = 8E5AC6D5221AA3C50057AECD /* Build configuration list for PBXProject "Search List" */;
			compatibilityVersion = "Xcode 9.3";
			developmentRegion = en;
			hasScannedForEncodings = 0;
			knownRegions = (
				en,
				Base,
			);
			mainGroup = 8E5AC6D1221AA3C50057AECD;
			productRefGroup = 8E5AC6DB221AA3C50057AECD /* Products */;
			projectDirPath = "";
			projectRoot = "";
			targets = (
				8E5AC6D9221AA3C50057AECD /* Search List */,
			);
		};
/* End PBXProject section */

/* Begin PBXResourcesBuildPhase section */
		8E5AC6D8221AA3C50057AECD /* Resources */ = {
			isa = PBXResourcesBuildPhase;
			buildActionMask = 2147483647;
			files = (
				8E5AC6E8221AA3C90057AECD /* LaunchScreen.storyboard in Resources */,
				8E82CE5C2355A20D003D9F0F /* Default-568h@2x.png in Resources */,
				8E5AC6E5221AA3C90057AECD /* Assets.xcassets in Resources */,
				8E5AC6E3221AA3C50057AECD /* Main.storyboard in Resources */,
			);
			runOnlyForDeploymentPostprocessing = 0;
		};
/* End PBXResourcesBuildPhase section */

/* Begin PBXShellScriptBuildPhase section */
		21E5D7AFEF54F02AB8237252 /* [CP] Check Pods Manifest.lock */ = {
			isa = PBXShellScriptBuildPhase;
			buildActionMask = 2147483647;
			files = (
			);
			inputFileListPaths = (
			);
			inputPaths = (
				"${PODS_PODFILE_DIR_PATH}/Podfile.lock",
				"${PODS_ROOT}/Manifest.lock",
			);
			name = "[CP] Check Pods Manifest.lock";
			outputFileListPaths = (
			);
			outputPaths = (
				"$(DERIVED_FILE_DIR)/Pods-Search List-checkManifestLockResult.txt",
			);
			runOnlyForDeploymentPostprocessing = 0;
			shellPath = /bin/sh;
			shellScript = "diff \"${PODS_PODFILE_DIR_PATH}/Podfile.lock\" \"${PODS_ROOT}/Manifest.lock\" > /dev/null\nif [ $? != 0 ] ; then\n    # print error to STDERR\n    echo \"error: The sandbox is not in sync with the Podfile.lock. Run 'pod install' or update your CocoaPods installation.\" >&2\n    exit 1\nfi\n# This output is used by Xcode 'outputs' to avoid re-running this script phase.\necho \"SUCCESS\" > \"${SCRIPT_OUTPUT_FILE_0}\"\n";
			showEnvVarsInLog = 0;
		};
		CBA7B1528302A5CF1F9A1BCC /* [CP] Embed Pods Frameworks */ = {
			isa = PBXShellScriptBuildPhase;
			buildActionMask = 2147483647;
			files = (
			);
			inputFileListPaths = (
				"${PODS_ROOT}/Target Support Files/Pods-Search List/Pods-Search List-frameworks-${CONFIGURATION}-input-files.xcfilelist",
			);
			name = "[CP] Embed Pods Frameworks";
			outputFileListPaths = (
				"${PODS_ROOT}/Target Support Files/Pods-Search List/Pods-Search List-frameworks-${CONFIGURATION}-output-files.xcfilelist",
			);
			runOnlyForDeploymentPostprocessing = 0;
			shellPath = /bin/sh;
			shellScript = "\"${PODS_ROOT}/Target Support Files/Pods-Search List/Pods-Search List-frameworks.sh\"\n";
			showEnvVarsInLog = 0;
		};
/* End PBXShellScriptBuildPhase section */

/* Begin PBXSourcesBuildPhase section */
		8E5AC6D6221AA3C50057AECD /* Sources */ = {
			isa = PBXSourcesBuildPhase;
			buildActionMask = 2147483647;
			files = (
				8E5AC6E0221AA3C50057AECD /* ViewController.swift in Sources */,
				8E8ECFC3221C00BF00C5AFB2 /* SearchResult.swift in Sources */,
				8E5AC6DE221AA3C50057AECD /* AppDelegate.swift in Sources */,
				8E5AC6F0221AADE30057AECD /* SearchResultTableViewCell.swift in Sources */,
				8E57CFB22355D05F0000ED60 /* SearchResultsGetter.swift in Sources */,
			);
			runOnlyForDeploymentPostprocessing = 0;
		};
/* End PBXSourcesBuildPhase section */

/* Begin PBXVariantGroup section */
		8E5AC6E1221AA3C50057AECD /* Main.storyboard */ = {
			isa = PBXVariantGroup;
			children = (
				8E5AC6E2221AA3C50057AECD /* Base */,
			);
			name = Main.storyboard;
			sourceTree = "<group>";
		};
		8E5AC6E6221AA3C90057AECD /* LaunchScreen.storyboard */ = {
			isa = PBXVariantGroup;
			children = (
				8E5AC6E7221AA3C90057AECD /* Base */,
			);
			name = LaunchScreen.storyboard;
			sourceTree = "<group>";
		};
/* End PBXVariantGroup section */

/* Begin XCBuildConfiguration section */
		8E5AC6EA221AA3C90057AECD /* Debug */ = {
			isa = XCBuildConfiguration;
			buildSettings = {
				ALWAYS_SEARCH_USER_PATHS = NO;
				CLANG_ANALYZER_NONNULL = YES;
				CLANG_ANALYZER_NUMBER_OBJECT_CONVERSION = YES_AGGRESSIVE;
				CLANG_CXX_LANGUAGE_STANDARD = "gnu++14";
				CLANG_CXX_LIBRARY = "libc++";
				CLANG_ENABLE_MODULES = YES;
				CLANG_ENABLE_OBJC_ARC = YES;
				CLANG_ENABLE_OBJC_WEAK = YES;
				CLANG_WARN_BLOCK_CAPTURE_AUTORELEASING = YES;
				CLANG_WARN_BOOL_CONVERSION = YES;
				CLANG_WARN_COMMA = YES;
				CLANG_WARN_CONSTANT_CONVERSION = YES;
				CLANG_WARN_DEPRECATED_OBJC_IMPLEMENTATIONS = YES;
				CLANG_WARN_DIRECT_OBJC_ISA_USAGE = YES_ERROR;
				CLANG_WARN_DOCUMENTATION_COMMENTS = YES;
				CLANG_WARN_EMPTY_BODY = YES;
				CLANG_WARN_ENUM_CONVERSION = YES;
				CLANG_WARN_INFINITE_RECURSION = YES;
				CLANG_WARN_INT_CONVERSION = YES;
				CLANG_WARN_NON_LITERAL_NULL_CONVERSION = YES;
				CLANG_WARN_OBJC_IMPLICIT_RETAIN_SELF = YES;
				CLANG_WARN_OBJC_LITERAL_CONVERSION = YES;
				CLANG_WARN_OBJC_ROOT_CLASS = YES_ERROR;
				CLANG_WARN_RANGE_LOOP_ANALYSIS = YES;
				CLANG_WARN_STRICT_PROTOTYPES = YES;
				CLANG_WARN_SUSPICIOUS_MOVE = YES;
				CLANG_WARN_UNGUARDED_AVAILABILITY = YES_AGGRESSIVE;
				CLANG_WARN_UNREACHABLE_CODE = YES;
				CLANG_WARN__DUPLICATE_METHOD_MATCH = YES;
				CODE_SIGN_IDENTITY = "iPhone Developer";
				COPY_PHASE_STRIP = NO;
				DEBUG_INFORMATION_FORMAT = dwarf;
				ENABLE_STRICT_OBJC_MSGSEND = YES;
				ENABLE_TESTABILITY = YES;
				GCC_C_LANGUAGE_STANDARD = gnu11;
				GCC_DYNAMIC_NO_PIC = NO;
				GCC_NO_COMMON_BLOCKS = YES;
				GCC_OPTIMIZATION_LEVEL = 0;
				GCC_PREPROCESSOR_DEFINITIONS = (
					"DEBUG=1",
					"$(inherited)",
				);
				GCC_WARN_64_TO_32_BIT_CONVERSION = YES;
				GCC_WARN_ABOUT_RETURN_TYPE = YES_ERROR;
				GCC_WARN_UNDECLARED_SELECTOR = YES;
				GCC_WARN_UNINITIALIZED_AUTOS = YES_AGGRESSIVE;
				GCC_WARN_UNUSED_FUNCTION = YES;
				GCC_WARN_UNUSED_VARIABLE = YES;
				IPHONEOS_DEPLOYMENT_TARGET = 12.1;
				MTL_ENABLE_DEBUG_INFO = INCLUDE_SOURCE;
				MTL_FAST_MATH = YES;
				ONLY_ACTIVE_ARCH = YES;
				SDKROOT = iphoneos;
				SWIFT_ACTIVE_COMPILATION_CONDITIONS = DEBUG;
				SWIFT_OPTIMIZATION_LEVEL = "-Onone";
			};
			name = Debug;
		};
		8E5AC6EB221AA3C90057AECD /* Release */ = {
			isa = XCBuildConfiguration;
			buildSettings = {
				ALWAYS_SEARCH_USER_PATHS = NO;
				CLANG_ANALYZER_NONNULL = YES;
				CLANG_ANALYZER_NUMBER_OBJECT_CONVERSION = YES_AGGRESSIVE;
				CLANG_CXX_LANGUAGE_STANDARD = "gnu++14";
				CLANG_CXX_LIBRARY = "libc++";
				CLANG_ENABLE_MODULES = YES;
				CLANG_ENABLE_OBJC_ARC = YES;
				CLANG_ENABLE_OBJC_WEAK = YES;
				CLANG_WARN_BLOCK_CAPTURE_AUTORELEASING = YES;
				CLANG_WARN_BOOL_CONVERSION = YES;
				CLANG_WARN_COMMA = YES;
				CLANG_WARN_CONSTANT_CONVERSION = YES;
				CLANG_WARN_DEPRECATED_OBJC_IMPLEMENTATIONS = YES;
				CLANG_WARN_DIRECT_OBJC_ISA_USAGE = YES_ERROR;
				CLANG_WARN_DOCUMENTATION_COMMENTS = YES;
				CLANG_WARN_EMPTY_BODY = YES;
				CLANG_WARN_ENUM_CONVERSION = YES;
				CLANG_WARN_INFINITE_RECURSION = YES;
				CLANG_WARN_INT_CONVERSION = YES;
				CLANG_WARN_NON_LITERAL_NULL_CONVERSION = YES;
				CLANG_WARN_OBJC_IMPLICIT_RETAIN_SELF = YES;
				CLANG_WARN_OBJC_LITERAL_CONVERSION = YES;
				CLANG_WARN_OBJC_ROOT_CLASS = YES_ERROR;
				CLANG_WARN_RANGE_LOOP_ANALYSIS = YES;
				CLANG_WARN_STRICT_PROTOTYPES = YES;
				CLANG_WARN_SUSPICIOUS_MOVE = YES;
				CLANG_WARN_UNGUARDED_AVAILABILITY = YES_AGGRESSIVE;
				CLANG_WARN_UNREACHABLE_CODE = YES;
				CLANG_WARN__DUPLICATE_METHOD_MATCH = YES;
				CODE_SIGN_IDENTITY = "iPhone Developer";
				COPY_PHASE_STRIP = NO;
				DEBUG_INFORMATION_FORMAT = "dwarf-with-dsym";
				ENABLE_NS_ASSERTIONS = NO;
				ENABLE_STRICT_OBJC_MSGSEND = YES;
				GCC_C_LANGUAGE_STANDARD = gnu11;
				GCC_NO_COMMON_BLOCKS = YES;
				GCC_WARN_64_TO_32_BIT_CONVERSION = YES;
				GCC_WARN_ABOUT_RETURN_TYPE = YES_ERROR;
				GCC_WARN_UNDECLARED_SELECTOR = YES;
				GCC_WARN_UNINITIALIZED_AUTOS = YES_AGGRESSIVE;
				GCC_WARN_UNUSED_FUNCTION = YES;
				GCC_WARN_UNUSED_VARIABLE = YES;
				IPHONEOS_DEPLOYMENT_TARGET = 12.1;
				MTL_ENABLE_DEBUG_INFO = NO;
				MTL_FAST_MATH = YES;
				SDKROOT = iphoneos;
				SWIFT_COMPILATION_MODE = wholemodule;
				SWIFT_OPTIMIZATION_LEVEL = "-O";
				VALIDATE_PRODUCT = YES;
			};
			name = Release;
		};
		8E5AC6ED221AA3C90057AECD /* Debug */ = {
			isa = XCBuildConfiguration;
			baseConfigurationReference = 7978531F40298E3A9FF9AC3A /* Pods-Search List.debug.xcconfig */;
			buildSettings = {
				ASSETCATALOG_COMPILER_APPICON_NAME = AppIcon;
				CODE_SIGN_STYLE = Automatic;
				DEVELOPMENT_TEAM = 8LSCB2ZP9M;
				INFOPLIST_FILE = "Search List/Supporting Files/Info.plist";
				LD_RUNPATH_SEARCH_PATHS = (
					"$(inherited)",
					"@executable_path/Frameworks",
				);
				PRODUCT_BUNDLE_IDENTIFIER = "io.github.artyomsadyrin.Search-List";
				PRODUCT_NAME = "$(TARGET_NAME)";
				SWIFT_VERSION = 5.0;
				TARGETED_DEVICE_FAMILY = "1,2";
			};
			name = Debug;
		};
		8E5AC6EE221AA3C90057AECD /* Release */ = {
			isa = XCBuildConfiguration;
			baseConfigurationReference = 5A0EABBAAB999A65876151B3 /* Pods-Search List.release.xcconfig */;
			buildSettings = {
				ASSETCATALOG_COMPILER_APPICON_NAME = AppIcon;
				CODE_SIGN_STYLE = Automatic;
				DEVELOPMENT_TEAM = 8LSCB2ZP9M;
				INFOPLIST_FILE = "Search List/Supporting Files/Info.plist";
				LD_RUNPATH_SEARCH_PATHS = (
					"$(inherited)",
					"@executable_path/Frameworks",
				);
				PRODUCT_BUNDLE_IDENTIFIER = "io.github.artyomsadyrin.Search-List";
				PRODUCT_NAME = "$(TARGET_NAME)";
				SWIFT_VERSION = 5.0;
				TARGETED_DEVICE_FAMILY = "1,2";
			};
			name = Release;
		};
/* End XCBuildConfiguration section */

/* Begin XCConfigurationList section */
		8E5AC6D5221AA3C50057AECD /* Build configuration list for PBXProject "Search List" */ = {
			isa = XCConfigurationList;
			buildConfigurations = (
				8E5AC6EA221AA3C90057AECD /* Debug */,
				8E5AC6EB221AA3C90057AECD /* Release */,
			);
			defaultConfigurationIsVisible = 0;
			defaultConfigurationName = Release;
		};
		8E5AC6EC221AA3C90057AECD /* Build configuration list for PBXNativeTarget "Search List" */ = {
			isa = XCConfigurationList;
			buildConfigurations = (
				8E5AC6ED221AA3C90057AECD /* Debug */,
				8E5AC6EE221AA3C90057AECD /* Release */,
			);
			defaultConfigurationIsVisible = 0;
			defaultConfigurationName = Release;
		};
/* End XCConfigurationList section */
	};
	rootObject = 8E5AC6D2221AA3C50057AECD /* Project object */;
}
